
Microsoft Visual Studio Solution File, Format Version 12.00
# Visual Studio Version 17
VisualStudioVersion = 17.10.34928.147
MinimumVisualStudioVersion = 10.0.40219.1
Project("{FAE04EC0-301F-11D3-BF4B-00C04F79EFBC}") = "AgroApp_Desktop", "AgroApp_Desktop\AgroApp_Desktop.csproj", "{58B4CF99-CB41-4520-B7B9-C03368B96B37}"
EndProject
Global
	GlobalSection(SolutionConfigurationPlatforms) = preSolution
		Debug|Any CPU = Debug|Any CPU
		Release|Any CPU = Release|Any CPU
	EndGlobalSection
	GlobalSection(ProjectConfigurationPlatforms) = postSolution
		{58B4CF99-CB41-4520-B7B9-C03368B96B37}.Debug|Any CPU.ActiveCfg = Debug|Any CPU
		{58B4CF99-CB41-4520-B7B9-C03368B96B37}.Debug|Any CPU.Build.0 = Debug|Any CPU
		{58B4CF99-CB41-4520-B7B9-C03368B96B37}.Release|Any CPU.ActiveCfg = Release|Any CPU
		{58B4CF99-CB41-4520-B7B9-C03368B96B37}.Release|Any CPU.Build.0 = Release|Any CPU
	EndGlobalSection
	GlobalSection(SolutionProperties) = preSolution
		HideSolutionNode = FALSE
	EndGlobalSection
	GlobalSection(ExtensibilityGlobals) = postSolution
		SolutionGuid = {2C869EAC-4532-4880-B0E9-46BC5749A88A}
	EndGlobalSection
EndGlobal
